{
  "version": "4",
  "specifiers": {
    "npm:reflect-metadata@*": "0.2.2",
    "npm:tsyringe@*": "4.8.0"
  },
  "npm": {
    "reflect-metadata@0.2.2": {
      "integrity": "sha512-urBwgfrvVP/eAyXx4hluJivBKzuEbSQs9rKWCrCkbSxNv8mxPcUZKeuoF3Uy4mJl3Lwprp6yy5/39VWigZ4K6Q=="
    },
    "tslib@1.14.1": {
      "integrity": "sha512-Xni35NKzjgMrwevysHTCArtLDpPvye8zV/0E4EyYn43P7/7qvQwPh9BGkHewbMulVntbigmcT7rdX3BNo9wRJg=="
    },
    "tsyringe@4.8.0": {
      "integrity": "sha512-YB1FG+axdxADa3ncEtRnQCFq/M0lALGLxSZeVNbTU8NqhOVc51nnv2CISTcvc1kyv6EGPtXVr0v6lWeDxiijOA==",
      "dependencies": [
        "tslib"
      ]
    }
  },
  "remote": {
    "https://deno.land/x/reflect_metadata@v0.1.12/Reflect.ts": "eced7b7e642853c6fb9a209f96ddd1932ab1e0fc3c514705c87d56169c8fe260",
    "https://deno.land/x/reflect_metadata@v0.1.12/mod.ts": "8b5e3b20f1e604c118df433e84a409b1d5116e885001047134cc42ecf84fa2cd"
  },
  "workspace": {
    "dependencies": [
      "jsr:@std/assert@1"
    ]
  }
}
